// !$*UTF8*$!
{
	archiveVersion = 1;
	classes = {
	};
	objectVersion = 46;
	objects = {

/* Begin PBXBuildFile section */
		FAE4E9DA204C412C00D93AC6 /* AppDelegate.swift in Sources */ = {isa = PBXBuildFile; fileRef = FAE4E9D9204C412C00D93AC6 /* AppDelegate.swift */; };
		FAE4E9DC204C412C00D93AC6 /* ViewController.swift in Sources */ = {isa = PBXBuildFile; fileRef = FAE4E9DB204C412C00D93AC6 /* ViewController.swift */; };
		FAE4E9DF204C412C00D93AC6 /* Main.storyboard in Resources */ = {isa = PBXBuildFile; fileRef = FAE4E9DD204C412C00D93AC6 /* Main.storyboard */; };
		FAE4E9E2204C412C00D93AC6 /* GameCollector.xcdatamodeld in Sources */ = {isa = PBXBuildFile; fileRef = FAE4E9E0204C412C00D93AC6 /* GameCollector.xcdatamodeld */; };
		FAE4E9E4204C412C00D93AC6 /* Assets.xcassets in Resources */ = {isa = PBXBuildFile; fileRef = FAE4E9E3204C412C00D93AC6 /* Assets.xcassets */; };
		FAE4E9E7204C412C00D93AC6 /* LaunchScreen.storyboard in Resources */ = {isa = PBXBuildFile; fileRef = FAE4E9E5204C412C00D93AC6 /* LaunchScreen.storyboard */; };
/* End PBXBuildFile section */

/* Begin PBXFileReference section */
		FAE4E9D6204C412C00D93AC6 /* GameCollector.app */ = {isa = PBXFileReference; explicitFileType = wrapper.application; includeInIndex = 0; path = GameCollector.app; sourceTree = BUILT_PRODUCTS_DIR; };
		FAE4E9D9204C412C00D93AC6 /* AppDelegate.swift */ = {isa = PBXFileReference; lastKnownFileType = sourcecode.swift; path = AppDelegate.swift; sourceTree = "<group>"; };
		FAE4E9DB204C412C00D93AC6 /* ViewController.swift */ = {isa = PBXFileReference; lastKnownFileType = sourcecode.swift; path = ViewController.swift; sourceTree = "<group>"; };
		FAE4E9DE204C412C00D93AC6 /* Base */ = {isa = PBXFileReference; lastKnownFileType = file.storyboard; name = Base; path = Base.lproj/Main.storyboard; sourceTree = "<group>"; };
		FAE4E9E1204C412C00D93AC6 /* GameCollector.xcdatamodel */ = {isa = PBXFileReference; lastKnownFileType = wrapper.xcdatamodel; path = GameCollector.xcdatamodel; sourceTree = "<group>"; };
		FAE4E9E3204C412C00D93AC6 /* Assets.xcassets */ = {isa = PBXFileReference; lastKnownFileType = folder.assetcatalog; path = Assets.xcassets; sourceTree = "<group>"; };
		FAE4E9E6204C412C00D93AC6 /* Base */ = {isa = PBXFileReference; lastKnownFileType = file.storyboard; name = Base; path = Base.lproj/LaunchScreen.storyboard; sourceTree = "<group>"; };
		FAE4E9E8204C412C00D93AC6 /* Info.plist */ = {isa = PBXFileReference; lastKnownFileType = text.plist.xml; path = Info.plist; sourceTree = "<group>"; };
/* End PBXFileReference section */

/* Begin PBXFrameworksBuildPhase section */
		FAE4E9D3204C412C00D93AC6 /* Frameworks */ = {
			isa = PBXFrameworksBuildPhase;
			buildActionMask = 2147483647;
			files = (
			);
			runOnlyForDeploymentPostprocessing = 0;
		};
/* End PBXFrameworksBuildPhase section */

/* Begin PBXGroup section */
		FAE4E9CD204C412C00D93AC6 = {
			isa = PBXGroup;
			children = (
				FAE4E9D8204C412C00D93AC6 /* GameCollector */,
				FAE4E9D7204C412C00D93AC6 /* Products */,
			);
			sourceTree = "<group>";
		};
		FAE4E9D7204C412C00D93AC6 /* Products */ = {
			isa = PBXGroup;
			children = (
				FAE4E9D6204C412C00D93AC6 /* GameCollector.app */,
			);
			name = Products;
			sourceTree = "<group>";
		};
		FAE4E9D8204C412C00D93AC6 /* GameCollector */ = {
			isa = PBXGroup;
			children = (
				FAE4E9D9204C412C00D93AC6 /* AppDelegate.swift */,
				FAE4E9DB204C412C00D93AC6 /* ViewController.swift */,
				FAE4E9DD204C412C00D93AC6 /* Main.storyboard */,
				FAE4E9E3204C412C00D93AC6 /* Assets.xcassets */,
				FAE4E9E5204C412C00D93AC6 /* LaunchScreen.storyboard */,
				FAE4E9E8204C412C00D93AC6 /* Info.plist */,
				FAE4E9E0204C412C00D93AC6 /* GameCollector.xcdatamodeld */,
			);
			path = GameCollector;
			sourceTree = "<group>";
		};
/* End PBXGroup section */

/* Begin PBXNativeTarget section */
		FAE4E9D5204C412C00D93AC6 /* GameCollector */ = {
			isa = PBXNativeTarget;
			buildConfigurationList = FAE4E9EB204C412C00D93AC6 /* Build configuration list for PBXNativeTarget "GameCollector" */;
			buildPhases = (
				FAE4E9D2204C412C00D93AC6 /* Sources */,
				FAE4E9D3204C412C00D93AC6 /* Frameworks */,
				FAE4E9D4204C412C00D93AC6 /* Resources */,
			);
			buildRules = (
			);
			dependencies = (
			);
			name = GameCollector;
			productName = GameCollector;
			productReference = FAE4E9D6204C412C00D93AC6 /* GameCollector.app */;
			productType = "com.apple.product-type.application";
		};
/* End PBXNativeTarget section */

/* Begin PBXProject section */
		FAE4E9CE204C412C00D93AC6 /* Project object */ = {
			isa = PBXProject;
			attributes = {
				LastSwiftUpdateCheck = 0830;
				LastUpgradeCheck = 0830;
				ORGANIZATIONNAME = "char shu kai";
				TargetAttributes = {
					FAE4E9D5204C412C00D93AC6 = {
						CreatedOnToolsVersion = 8.3.2;
						ProvisioningStyle = Automatic;
					};
				};
			};
			buildConfigurationList = FAE4E9D1204C412C00D93AC6 /* Build configuration list for PBXProject "GameCollector" */;
			compatibilityVersion = "Xcode 3.2";
			developmentRegion = English;
			hasScannedForEncodings = 0;
			knownRegions = (
				en,
				Base,
			);
			mainGroup = FAE4E9CD204C412C00D93AC6;
			productRefGroup = FAE4E9D7204C412C00D93AC6 /* Products */;
			projectDirPath = "";
			projectRoot = "";
			targets = (
				FAE4E9D5204C412C00D93AC6 /* GameCollector */,
			);
		};
/* End PBXProject section */

/* Begin PBXResourcesBuildPhase section */
		FAE4E9D4204C412C00D93AC6 /* Resources */ = {
			isa = PBXResourcesBuildPhase;
			buildActionMask = 2147483647;
			files = (
				FAE4E9E7204C412C00D93AC6 /* LaunchScreen.storyboard in Resources */,
				FAE4E9E4204C412C00D93AC6 /* Assets.xcassets in Resources */,
				FAE4E9DF204C412C00D93AC6 /* Main.storyboard in Resources */,
			);
			runOnlyForDeploymentPostprocessing = 0;
		};
/* End PBXResourcesBuildPhase section */

/* Begin PBXSourcesBuildPhase section */
		FAE4E9D2204C412C00D93AC6 /* Sources */ = {
			isa = PBXSourcesBuildPhase;
			buildActionMask = 2147483647;
			files = (
				FAE4E9E2204C412C00D93AC6 /* GameCollector.xcdatamodeld in Sources */,
				FAE4E9DC204C412C00D93AC6 /* ViewController.swift in Sources */,
				FAE4E9DA204C412C00D93AC6 /* AppDelegate.swift in Sources */,
			);
			runOnlyForDeploymentPostprocessing = 0;
		};
/* End PBXSourcesBuildPhase section */

/* Begin PBXVariantGroup section */
		FAE4E9DD204C412C00D93AC6 /* Main.storyboard */ = {
			isa = PBXVariantGroup;
			children = (
				FAE4E9DE204C412C00D93AC6 /* Base */,
			);
			name = Main.storyboard;
			sourceTree = "<group>";
		};
		FAE4E9E5204C412C00D93AC6 /* LaunchScreen.storyboard */ = {
			isa = PBXVariantGroup;
			children = (
				FAE4E9E6204C412C00D93AC6 /* Base */,
			);
			name = LaunchScreen.storyboard;
			sourceTree = "<group>";
		};
/* End PBXVariantGroup section */

/* Begin XCBuildConfiguration section */
		FAE4E9E9204C412C00D93AC6 /* Debug */ = {
			isa = XCBuildConfiguration;
			buildSettings = {
				ALWAYS_SEARCH_USER_PATHS = NO;
				CLANG_ANALYZER_NONNULL = YES;
				CLANG_ANALYZER_NUMBER_OBJECT_CONVERSION = YES_AGGRESSIVE;
				CLANG_CXX_LANGUAGE_STANDARD = "gnu++0x";
				CLANG_CXX_LIBRARY = "libc++";
				CLANG_ENABLE_MODULES = YES;
				CLANG_ENABLE_OBJC_ARC = YES;
				CLANG_WARN_BOOL_CONVERSION = YES;
				CLANG_WARN_CONSTANT_CONVERSION = YES;
				CLANG_WARN_DIRECT_OBJC_ISA_USAGE = YES_ERROR;
				CLANG_WARN_DOCUMENTATION_COMMENTS = YES;
				CLANG_WARN_EMPTY_BODY = YES;
				CLANG_WARN_ENUM_CONVERSION = YES;
				CLANG_WARN_INFINITE_RECURSION = YES;
				CLANG_WARN_INT_CONVERSION = YES;
				CLANG_WARN_OBJC_ROOT_CLASS = YES_ERROR;
				CLANG_WARN_SUSPICIOUS_MOVE = YES;
				CLANG_WARN_UNREACHABLE_CODE = YES;
				CLANG_WARN__DUPLICATE_METHOD_MATCH = YES;
				"CODE_SIGN_IDENTITY[sdk=iphoneos*]" = "iPhone Developer";
				COPY_PHASE_STRIP = NO;
				DEBUG_INFORMATION_FORMAT = dwarf;
				ENABLE_STRICT_OBJC_MSGSEND = YES;
				ENABLE_TESTABILITY = YES;
				GCC_C_LANGUAGE_STANDARD = gnu99;
				GCC_DYNAMIC_NO_PIC = NO;
				GCC_NO_COMMON_BLOCKS = YES;
				GCC_OPTIMIZATION_LEVEL = 0;
				GCC_PREPROCESSOR_DEFINITIONS = (
					"DEBUG=1",
					"$(inherited)",
				);
				GCC_WARN_64_TO_32_BIT_CONVERSION = YES;
				GCC_WARN_ABOUT_RETURN_TYPE = YES_ERROR;
				GCC_WARN_UNDECLARED_SELECTOR = YES;
				GCC_WARN_UNINITIALIZED_AUTOS = YES_AGGRESSIVE;
				GCC_WARN_UNUSED_FUNCTION = YES;
				GCC_WARN_UNUSED_VARIABLE = YES;
				IPHONEOS_DEPLOYMENT_TARGET = 10.3;
				MTL_ENABLE_DEBUG_INFO = YES;
				ONLY_ACTIVE_ARCH = YES;
				SDKROOT = iphoneos;
				SWIFT_ACTIVE_COMPILATION_CONDITIONS = DEBUG;
				SWIFT_OPTIMIZATION_LEVEL = "-Onone";
				TARGETED_DEVICE_FAMILY = "1,2";
			};
			name = Debug;
		};
		FAE4E9EA204C412C00D93AC6 /* Release */ = {
			isa = XCBuildConfiguration;
			buildSettings = {
				ALWAYS_SEARCH_USER_PATHS = NO;
				CLANG_ANALYZER_NONNULL = YES;
				CLANG_ANALYZER_NUMBER_OBJECT_CONVERSION = YES_AGGRESSIVE;
				CLANG_CXX_LANGUAGE_STANDARD = "gnu++0x";
				CLANG_CXX_LIBRARY = "libc++";
				CLANG_ENABLE_MODULES = YES;
				CLANG_ENABLE_OBJC_ARC = YES;
				CLANG_WARN_BOOL_CONVERSION = YES;
				CLANG_WARN_CONSTANT_CONVERSION = YES;
				CLANG_WARN_DIRECT_OBJC_ISA_USAGE = YES_ERROR;
				CLANG_WARN_DOCUMENTATION_COMMENTS = YES;
				CLANG_WARN_EMPTY_BODY = YES;
				CLANG_WARN_ENUM_CONVERSION = YES;
				CLANG_WARN_INFINITE_RECURSION = YES;
				CLANG_WARN_INT_CONVERSION = YES;
				CLANG_WARN_OBJC_ROOT_CLASS = YES_ERROR;
				CLANG_WARN_SUSPICIOUS_MOVE = YES;
				CLANG_WARN_UNREACHABLE_CODE = YES;
				CLANG_WARN__DUPLICATE_METHOD_MATCH = YES;
				"CODE_SIGN_IDENTITY[sdk=iphoneos*]" = "iPhone Developer";
				COPY_PHASE_STRIP = NO;
				DEBUG_INFORMATION_FORMAT = "dwarf-with-dsym";
				ENABLE_NS_ASSERTIONS = NO;
				ENABLE_STRICT_OBJC_MSGSEND = YES;
				GCC_C_LANGUAGE_STANDARD = gnu99;
				GCC_NO_COMMON_BLOCKS = YES;
				GCC_WARN_64_TO_32_BIT_CONVERSION = YES;
				GCC_WARN_ABOUT_RETURN_TYPE = YES_ERROR;
				GCC_WARN_UNDECLARED_SELECTOR = YES;
				GCC_WARN_UNINITIALIZED_AUTOS = YES_AGGRESSIVE;
				GCC_WARN_UNUSED_FUNCTION = YES;
				GCC_WARN_UNUSED_VARIABLE = YES;
				IPHONEOS_DEPLOYMENT_TARGET = 10.3;
				MTL_ENABLE_DEBUG_INFO = NO;
				SDKROOT = iphoneos;
				SWIFT_OPTIMIZATION_LEVEL = "-Owholemodule";
				TARGETED_DEVICE_FAMILY = "1,2";
				VALIDATE_PRODUCT = YES;
			};
			name = Release;
		};
		FAE4E9EC204C412C00D93AC6 /* Debug */ = {
			isa = XCBuildConfiguration;
			buildSettings = {
				ASSETCATALOG_COMPILER_APPICON_NAME = AppIcon;
				INFOPLIST_FILE = GameCollector/Info.plist;
				LD_RUNPATH_SEARCH_PATHS = "$(inherited) @executable_path/Frameworks";
				PRODUCT_BUNDLE_IDENTIFIER = com.kevhome.GameCollector;
				PRODUCT_NAME = "$(TARGET_NAME)";
				SWIFT_VERSION = 3.0;
			};
			name = Debug;
		};
		FAE4E9ED204C412C00D93AC6 /* Release */ = {
			isa = XCBuildConfiguration;
			buildSettings = {
				ASSETCATALOG_COMPILER_APPICON_NAME = AppIcon;
				INFOPLIST_FILE = GameCollector/Info.plist;
				LD_RUNPATH_SEARCH_PATHS = "$(inherited) @executable_path/Frameworks";
				PRODUCT_BUNDLE_IDENTIFIER = com.kevhome.GameCollector;
				PRODUCT_NAME = "$(TARGET_NAME)";
				SWIFT_VERSION = 3.0;
			};
			name = Release;
		};
/* End XCBuildConfiguration section */

/* Begin XCConfigurationList section */
		FAE4E9D1204C412C00D93AC6 /* Build configuration list for PBXProject "GameCollector" */ = {
			isa = XCConfigurationList;
			buildConfigurations = (
				FAE4E9E9204C412C00D93AC6 /* Debug */,
				FAE4E9EA204C412C00D93AC6 /* Release */,
			);
			defaultConfigurationIsVisible = 0;
			defaultConfigurationName = Release;
		};
		FAE4E9EB204C412C00D93AC6 /* Build configuration list for PBXNativeTarget "GameCollector" */ = {
			isa = XCConfigurationList;
			buildConfigurations = (
				FAE4E9EC204C412C00D93AC6 /* Debug */,
				FAE4E9ED204C412C00D93AC6 /* Release */,
			);
			defaultConfigurationIsVisible = 0;
		};
/* End XCConfigurationList section */

/* Begin XCVersionGroup section */
		FAE4E9E0204C412C00D93AC6 /* GameCollector.xcdatamodeld */ = {
			isa = XCVersionGroup;
			children = (
				FAE4E9E1204C412C00D93AC6 /* GameCollector.xcdatamodel */,
			);
			currentVersion = FAE4E9E1204C412C00D93AC6 /* GameCollector.xcdatamodel */;
			path = GameCollector.xcdatamodeld;
			sourceTree = "<group>";
			versionGroupType = wrapper.xcdatamodel;
		};
/* End XCVersionGroup section */
	};
	rootObject = FAE4E9CE204C412C00D93AC6 /* Project object */;
}
